
Microsoft Visual Studio Solution File, Format Version 12.00
# Visual Studio Version 16
VisualStudioVersion = 16.0.31019.35
MinimumVisualStudioVersion = 10.0.40219.1
Project("{FAE04EC0-301F-11D3-BF4B-00C04F79EFBC}") = "modbusRtuTest", "modbusRtuTest\modbusRtuTest.csproj", "{0B08A7F4-D1BA-4B64-9540-E149096BF884}"
EndProject
Global
	GlobalSection(SolutionConfigurationPlatforms) = preSolution
		Debug|Any CPU = Debug|Any CPU
		Release|Any CPU = Release|Any CPU
	EndGlobalSection
	GlobalSection(ProjectConfigurationPlatforms) = postSolution
		{0B08A7F4-D1BA-4B64-9540-E149096BF884}.Debug|Any CPU.ActiveCfg = Debug|Any CPU
		{0B08A7F4-D1BA-4B64-9540-E149096BF884}.Debug|Any CPU.Build.0 = Debug|Any CPU
		{0B08A7F4-D1BA-4B64-9540-E149096BF884}.Release|Any CPU.ActiveCfg = Release|Any CPU
		{0B08A7F4-D1BA-4B64-9540-E149096BF884}.Release|Any CPU.Build.0 = Release|Any CPU
	EndGlobalSection
	GlobalSection(SolutionProperties) = preSolution
		HideSolutionNode = FALSE
	EndGlobalSection
	GlobalSection(ExtensibilityGlobals) = postSolution
		SolutionGuid = {CD299A13-35F5-451E-932C-569C81DCD2BB}
	EndGlobalSection
EndGlobal
